// !$*UTF8*$!
{
	archiveVersion = 1;
	classes = {
	};
	objectVersion = 77;
	objects = {

/* Begin PBXBuildFile section */
		5DC6E38EC18FAA932A196971 /* KoubutsuCore in Frameworks */ = {isa = PBXBuildFile; productRef = 223CF397F62A6FDF8B0F6506 /* KoubutsuCore */; };
/* End PBXBuildFile section */

/* Begin PBXContainerItemProxy section */
		233899CB4EE9FBC3047F5000 /* PBXContainerItemProxy */ = {
			isa = PBXContainerItemProxy;
			containerPortal = 46F86FAA6BBF9AC94A7E4595 /* Project object */;
			proxyType = 1;
			remoteGlobalIDString = 3D4C91345015A4DD0A099400;
			remoteInfo = Koubutsu;
		};
/* End PBXContainerItemProxy section */

/* Begin PBXFileReference section */
		81918909E83595C8F4212CCC /* Koubutsu.app */ = {isa = PBXFileReference; explicitFileType = wrapper.application; includeInIndex = 0; path = Koubutsu.app; sourceTree = BUILT_PRODUCTS_DIR; };
		7AF768ADD8C1E79EC20DD3E8 /* KoubutsuTests.xctest */ = {isa = PBXFileReference; explicitFileType = wrapper.cfbundle; includeInIndex = 0; path = KoubutsuTests.xctest; sourceTree = BUILT_PRODUCTS_DIR; };
/* End PBXFileReference section */

/* Begin PBXFileSystemSynchronizedRootGroup section */
		CE882751F8B3EE4485706ED4 /* App */ = {
			isa = PBXFileSystemSynchronizedRootGroup;
			path = App;
			sourceTree = "<group>";
		};
		24DFAD7E3B56719996E6F208 /* AppTests */ = {
			isa = PBXFileSystemSynchronizedRootGroup;
			path = AppTests;
			sourceTree = "<group>";
		};
/* End PBXFileSystemSynchronizedRootGroup section */

/* Begin PBXFrameworksBuildPhase section */
		0248D6DB510EB0F7E9C05175 = {
			isa = PBXFrameworksBuildPhase;
			buildActionMask = 2147483647;
			files = (
				5DC6E38EC18FAA932A196971 /* KoubutsuCore in Frameworks */,
			);
			runOnlyForDeploymentPostprocessing = 0;
		};
		11FD6C55B0481B477DE8A56A = {
			isa = PBXFrameworksBuildPhase;
			buildActionMask = 2147483647;
			files = (
			);
			runOnlyForDeploymentPostprocessing = 0;
		};
/* End PBXFrameworksBuildPhase section */

/* Begin PBXGroup section */
		8D3FC6DB5D0827F168A73277 = {
			isa = PBXGroup;
			children = (
				CE882751F8B3EE4485706ED4 /* App */,
				24DFAD7E3B56719996E6F208 /* AppTests */,
				1BADDC1D73C1A20F347483E1 /* Products */,
			);
			sourceTree = "<group>";
		};
		1BADDC1D73C1A20F347483E1 /* Products */ = {
			isa = PBXGroup;
			children = (
				81918909E83595C8F4212CCC /* Koubutsu.app */,
				7AF768ADD8C1E79EC20DD3E8 /* KoubutsuTests.xctest */,
			);
			name = Products;
			sourceTree = "<group>";
		};
/* End PBXGroup section */

/* Begin PBXNativeTarget section */
		3D4C91345015A4DD0A099400 /* Koubutsu */ = {
			isa = PBXNativeTarget;
			buildConfigurationList = A7698C201D2A724C7CAD56C8 /* Build configuration list for PBXNativeTarget "Koubutsu" */;
			buildPhases = (
				DA10D9DD089DF2AFEBC5ED5A /* Sources */,
				0248D6DB510EB0F7E9C05175 /* Frameworks */,
				82A968CB662751220D4DFE2D /* Resources */,
			);
			buildRules = (
			);
			dependencies = (
			);
			fileSystemSynchronizedGroups = (
				CE882751F8B3EE4485706ED4 /* App */,
			);
			name = Koubutsu;
			packageProductDependencies = (
				223CF397F62A6FDF8B0F6506 /* KoubutsuCore */,
			);
			productName = Koubutsu;
			productReference = 81918909E83595C8F4212CCC /* Koubutsu.app */;
			productType = "com.apple.product-type.application";
		};
		9CA4B63375BBECC069794E56 /* KoubutsuTests */ = {
			isa = PBXNativeTarget;
			buildConfigurationList = 8E99120D65AAB99108EEE0AF /* Build configuration list for PBXNativeTarget "KoubutsuTests" */;
			buildPhases = (
				46CF75DBE0797FFB5004DC27 /* Sources */,
				11FD6C55B0481B477DE8A56A /* Frameworks */,
				3B84441BCA0E7364C487EEEF /* Resources */,
			);
			buildRules = (
			);
			dependencies = (
				A0411471B03F586A82C4B5A0 /* PBXTargetDependency */,
			);
			fileSystemSynchronizedGroups = (
				24DFAD7E3B56719996E6F208 /* AppTests */,
			);
			name = KoubutsuTests;
			packageProductDependencies = (
			);
			productName = KoubutsuTests;
			productReference = 7AF768ADD8C1E79EC20DD3E8 /* KoubutsuTests.xctest */;
			productType = "com.apple.product-type.bundle.unit-test";
		};
/* End PBXNativeTarget section */

/* Begin PBXProject section */
		46F86FAA6BBF9AC94A7E4595 /* Project object */ = {
			isa = PBXProject;
			attributes = {
				BuildIndependentTargetsInParallel = 1;
				LastSwiftUpdateCheck = 2600;
				LastUpgradeCheck = 2600;
				TargetAttributes = {
					3D4C91345015A4DD0A099400 = {
						CreatedOnToolsVersion = 26.0;
					};
					9CA4B63375BBECC069794E56 = {
						CreatedOnToolsVersion = 26.0;
						TestTargetID = 3D4C91345015A4DD0A099400;
					};
				};
			};
			buildConfigurationList = 56283EBD6DD86A56CED63937 /* Build configuration list for PBXProject "Koubutsu" */;
			developmentRegion = en;
			hasScannedForEncodings = 0;
			knownRegions = (
				en,
				Base,
				ja,
			);
			mainGroup = 8D3FC6DB5D0827F168A73277;
			minimizedProjectReferenceProxies = 1;
			packageReferences = (
				6BEF905A58D1A6FB6E55D6E2 /* XCLocalSwiftPackageReference "Packages/KoubutsuCore" */,
			);
			preferredProjectObjectVersion = 77;
			productRefGroup = 1BADDC1D73C1A20F347483E1 /* Products */;
			projectDirPath = "";
			projectRoot = "";
			targets = (
				3D4C91345015A4DD0A099400 /* Koubutsu */,
				9CA4B63375BBECC069794E56 /* KoubutsuTests */,
			);
		};
/* End PBXProject section */

/* Begin PBXResourcesBuildPhase section */
		82A968CB662751220D4DFE2D = {
			isa = PBXResourcesBuildPhase;
			buildActionMask = 2147483647;
			files = (
			);
			runOnlyForDeploymentPostprocessing = 0;
		};
		3B84441BCA0E7364C487EEEF = {
			isa = PBXResourcesBuildPhase;
			buildActionMask = 2147483647;
			files = (
			);
			runOnlyForDeploymentPostprocessing = 0;
		};
/* End PBXResourcesBuildPhase section */

/* Begin PBXSourcesBuildPhase section */
		DA10D9DD089DF2AFEBC5ED5A = {
			isa = PBXSourcesBuildPhase;
			buildActionMask = 2147483647;
			files = (
			);
			runOnlyForDeploymentPostprocessing = 0;
		};
		46CF75DBE0797FFB5004DC27 = {
			isa = PBXSourcesBuildPhase;
			buildActionMask = 2147483647;
			files = (
			);
			runOnlyForDeploymentPostprocessing = 0;
		};
/* End PBXSourcesBuildPhase section */

/* Begin PBXTargetDependency section */
		A0411471B03F586A82C4B5A0 /* PBXTargetDependency */ = {
			isa = PBXTargetDependency;
			target = 3D4C91345015A4DD0A099400 /* Koubutsu */;
			targetProxy = 233899CB4EE9FBC3047F5000 /* PBXContainerItemProxy */;
		};
/* End PBXTargetDependency section */

/* Begin XCBuildConfiguration section */
		FA9139DD8B03E3F922556BF8 /* Debug */ = {
			isa = XCBuildConfiguration;
			buildSettings = {
				ALWAYS_SEARCH_USER_PATHS = NO;
				CLANG_ENABLE_MODULES = YES;
				CLANG_ENABLE_OBJC_ARC = YES;
				COPY_PHASE_STRIP = NO;
				DEBUG_INFORMATION_FORMAT = dwarf;
				ENABLE_STRICT_OBJC_MSGSEND = YES;
				ENABLE_TESTABILITY = YES;
				ENABLE_USER_SCRIPT_SANDBOXING = YES;
				GCC_C_LANGUAGE_STANDARD = gnu17;
				GCC_OPTIMIZATION_LEVEL = 0;
				GCC_PREPROCESSOR_DEFINITIONS = (
					"DEBUG=1",
					"$(inherited)",
				);
				IPHONEOS_DEPLOYMENT_TARGET = 26.0;
				LOCALIZATION_PREFERS_STRING_CATALOGS = YES;
				ONLY_ACTIVE_ARCH = YES;
				SDKROOT = iphoneos;
				SWIFT_ACTIVE_COMPILATION_CONDITIONS = "DEBUG $(inherited)";
				SWIFT_OPTIMIZATION_LEVEL = "-Onone";
				SWIFT_VERSION = 6.0;
				TARGETED_DEVICE_FAMILY = 2;
			};
			name = Debug;
		};
		FFE2104CCFAB79205AC64460 /* Release */ = {
			isa = XCBuildConfiguration;
			buildSettings = {
				ALWAYS_SEARCH_USER_PATHS = NO;
				CLANG_ENABLE_MODULES = YES;
				CLANG_ENABLE_OBJC_ARC = YES;
				COPY_PHASE_STRIP = NO;
				DEBUG_INFORMATION_FORMAT = "dwarf-with-dsym";
				ENABLE_NS_ASSERTIONS = NO;
				ENABLE_STRICT_OBJC_MSGSEND = YES;
				ENABLE_USER_SCRIPT_SANDBOXING = YES;
				GCC_C_LANGUAGE_STANDARD = gnu17;
				IPHONEOS_DEPLOYMENT_TARGET = 26.0;
				LOCALIZATION_PREFERS_STRING_CATALOGS = YES;
				SDKROOT = iphoneos;
				SWIFT_COMPILATION_MODE = wholemodule;
				SWIFT_VERSION = 6.0;
				TARGETED_DEVICE_FAMILY = 2;
				VALIDATE_PRODUCT = YES;
			};
			name = Release;
		};
		72FB3ED29B4639D83EC5DB14 /* Debug */ = {
			isa = XCBuildConfiguration;
			buildSettings = {
				CODE_SIGN_STYLE = Automatic;
				CURRENT_PROJECT_VERSION = 1;
				ENABLE_PREVIEWS = YES;
				GENERATE_INFOPLIST_FILE = YES;
				INFOPLIST_FILE = "Config/Koubutsu-Info.plist";
				INFOPLIST_KEY_CFBundleDisplayName = Koubutsu;
				INFOPLIST_KEY_LSApplicationCategoryType = "public.app-category.utilities";
				INFOPLIST_KEY_NSCameraUsageDescription = "Koubutsu reads video from an external USB capture device to display and translate game text.";
				INFOPLIST_KEY_NSMicrophoneUsageDescription = "Koubutsu reads audio from an external USB capture device to play game audio.";
				INFOPLIST_KEY_UIApplicationSceneManifest_Generation = YES;
				INFOPLIST_KEY_UIApplicationSupportsIndirectInputEvents = YES;
				INFOPLIST_KEY_UILaunchScreen_Generation = YES;
				INFOPLIST_KEY_UIStatusBarHidden = YES;
				INFOPLIST_KEY_UISupportedInterfaceOrientations_iPad = "UIInterfaceOrientationLandscapeLeft UIInterfaceOrientationLandscapeRight UIInterfaceOrientationPortrait UIInterfaceOrientationPortraitUpsideDown";
				LD_RUNPATH_SEARCH_PATHS = (
					"$(inherited)",
					"@executable_path/Frameworks",
				);
				MARKETING_VERSION = 0.1;
				PRODUCT_BUNDLE_IDENTIFIER = com.awjackson2.Koubutsu;
				PRODUCT_NAME = "$(TARGET_NAME)";
				SUPPORTED_PLATFORMS = "iphoneos iphonesimulator";
				SUPPORTS_MACCATALYST = NO;
				SWIFT_EMIT_LOC_STRINGS = YES;
				TARGETED_DEVICE_FAMILY = 2;
			};
			name = Debug;
		};
		191734982F22ABEBB64A1AE0 /* Release */ = {
			isa = XCBuildConfiguration;
			buildSettings = {
				CODE_SIGN_STYLE = Automatic;
				CURRENT_PROJECT_VERSION = 1;
				ENABLE_PREVIEWS = YES;
				GENERATE_INFOPLIST_FILE = YES;
				INFOPLIST_FILE = "Config/Koubutsu-Info.plist";
				INFOPLIST_KEY_CFBundleDisplayName = Koubutsu;
				INFOPLIST_KEY_LSApplicationCategoryType = "public.app-category.utilities";
				INFOPLIST_KEY_NSCameraUsageDescription = "Koubutsu reads video from an external USB capture device to display and translate game text.";
				INFOPLIST_KEY_NSMicrophoneUsageDescription = "Koubutsu reads audio from an external USB capture device to play game audio.";
				INFOPLIST_KEY_UIApplicationSceneManifest_Generation = YES;
				INFOPLIST_KEY_UIApplicationSupportsIndirectInputEvents = YES;
				INFOPLIST_KEY_UILaunchScreen_Generation = YES;
				INFOPLIST_KEY_UIStatusBarHidden = YES;
				INFOPLIST_KEY_UISupportedInterfaceOrientations_iPad = "UIInterfaceOrientationLandscapeLeft UIInterfaceOrientationLandscapeRight UIInterfaceOrientationPortrait UIInterfaceOrientationPortraitUpsideDown";
				LD_RUNPATH_SEARCH_PATHS = (
					"$(inherited)",
					"@executable_path/Frameworks",
				);
				MARKETING_VERSION = 0.1;
				PRODUCT_BUNDLE_IDENTIFIER = com.awjackson2.Koubutsu;
				PRODUCT_NAME = "$(TARGET_NAME)";
				SUPPORTED_PLATFORMS = "iphoneos iphonesimulator";
				SUPPORTS_MACCATALYST = NO;
				SWIFT_EMIT_LOC_STRINGS = YES;
				TARGETED_DEVICE_FAMILY = 2;
			};
			name = Release;
		};
		0B9D7A058B3133F2CFB1D4A0 /* Debug */ = {
			isa = XCBuildConfiguration;
			buildSettings = {
				BUNDLE_LOADER = "$(TEST_HOST)";
				CODE_SIGN_STYLE = Automatic;
				CURRENT_PROJECT_VERSION = 1;
				GENERATE_INFOPLIST_FILE = YES;
				MARKETING_VERSION = 0.1;
				PRODUCT_BUNDLE_IDENTIFIER = com.awjackson2.KoubutsuTests;
				PRODUCT_NAME = "$(TARGET_NAME)";
				SUPPORTED_PLATFORMS = "iphoneos iphonesimulator";
				SWIFT_EMIT_LOC_STRINGS = NO;
				TARGETED_DEVICE_FAMILY = 2;
				TEST_HOST = "$(BUILT_PRODUCTS_DIR)/Koubutsu.app/$(BUNDLE_EXECUTABLE_FOLDER_PATH)/Koubutsu";
			};
			name = Debug;
		};
		17BFBBF586B1A6F2699F7699 /* Release */ = {
			isa = XCBuildConfiguration;
			buildSettings = {
				BUNDLE_LOADER = "$(TEST_HOST)";
				CODE_SIGN_STYLE = Automatic;
				CURRENT_PROJECT_VERSION = 1;
				GENERATE_INFOPLIST_FILE = YES;
				MARKETING_VERSION = 0.1;
				PRODUCT_BUNDLE_IDENTIFIER = com.awjackson2.KoubutsuTests;
				PRODUCT_NAME = "$(TARGET_NAME)";
				SUPPORTED_PLATFORMS = "iphoneos iphonesimulator";
				SWIFT_EMIT_LOC_STRINGS = NO;
				TARGETED_DEVICE_FAMILY = 2;
				TEST_HOST = "$(BUILT_PRODUCTS_DIR)/Koubutsu.app/$(BUNDLE_EXECUTABLE_FOLDER_PATH)/Koubutsu";
			};
			name = Release;
		};
/* End XCBuildConfiguration section */

/* Begin XCConfigurationList section */
		56283EBD6DD86A56CED63937 /* Build configuration list for PBXProject "Koubutsu" */ = {
			isa = XCConfigurationList;
			buildConfigurations = (
				FA9139DD8B03E3F922556BF8 /* Debug */,
				FFE2104CCFAB79205AC64460 /* Release */,
			);
			defaultConfigurationIsVisible = 0;
			defaultConfigurationName = Release;
		};
		A7698C201D2A724C7CAD56C8 /* Build configuration list for PBXNativeTarget "Koubutsu" */ = {
			isa = XCConfigurationList;
			buildConfigurations = (
				72FB3ED29B4639D83EC5DB14 /* Debug */,
				191734982F22ABEBB64A1AE0 /* Release */,
			);
			defaultConfigurationIsVisible = 0;
			defaultConfigurationName = Release;
		};
		8E99120D65AAB99108EEE0AF /* Build configuration list for PBXNativeTarget "KoubutsuTests" */ = {
			isa = XCConfigurationList;
			buildConfigurations = (
				0B9D7A058B3133F2CFB1D4A0 /* Debug */,
				17BFBBF586B1A6F2699F7699 /* Release */,
			);
			defaultConfigurationIsVisible = 0;
			defaultConfigurationName = Release;
		};
/* End XCConfigurationList section */

/* Begin XCLocalSwiftPackageReference section */
		6BEF905A58D1A6FB6E55D6E2 /* XCLocalSwiftPackageReference "Packages/KoubutsuCore" */ = {
			isa = XCLocalSwiftPackageReference;
			relativePath = Packages/KoubutsuCore;
		};
/* End XCLocalSwiftPackageReference section */

/* Begin XCSwiftPackageProductDependency section */
		223CF397F62A6FDF8B0F6506 /* KoubutsuCore */ = {
			isa = XCSwiftPackageProductDependency;
			package = 6BEF905A58D1A6FB6E55D6E2 /* XCLocalSwiftPackageReference "Packages/KoubutsuCore" */;
			productName = KoubutsuCore;
		};
/* End XCSwiftPackageProductDependency section */
	};
	rootObject = 46F86FAA6BBF9AC94A7E4595 /* Project object */;
}
